
Microsoft Visual Studio Solution File, Format Version 12.00
# Visual Studio Version 17
VisualStudioVersion = 17.13.35825.156 d17.13
MinimumVisualStudioVersion = 10.0.40219.1
Project("{FAE04EC0-301F-11D3-BF4B-00C04F79EFBC}") = "BookingAppointment", "BookingAppointment.csproj", "{5A676F4D-EBBF-4764-BE43-ADE1903E70AE}"
EndProject
Global
	GlobalSection(SolutionConfigurationPlatforms) = preSolution
		Debug|Any CPU = Debug|Any CPU
		Release|Any CPU = Release|Any CPU
	EndGlobalSection
	GlobalSection(ProjectConfigurationPlatforms) = postSolution
		{5A676F4D-EBBF-4764-BE43-ADE1903E70AE}.Debug|Any CPU.ActiveCfg = Debug|Any CPU
		{5A676F4D-EBBF-4764-BE43-ADE1903E70AE}.Debug|Any CPU.Build.0 = Debug|Any CPU
		{5A676F4D-EBBF-4764-BE43-ADE1903E70AE}.Release|Any CPU.ActiveCfg = Release|Any CPU
		{5A676F4D-EBBF-4764-BE43-ADE1903E70AE}.Release|Any CPU.Build.0 = Release|Any CPU
	EndGlobalSection
	GlobalSection(SolutionProperties) = preSolution
		HideSolutionNode = FALSE
	EndGlobalSection
	GlobalSection(ExtensibilityGlobals) = postSolution
		SolutionGuid = {F1E85B18-1C1F-4B2A-92F0-8A957E2B93FA}
	EndGlobalSection
EndGlobal
